
Microsoft Visual Studio Solution File, Format Version 12.00
# Visual Studio Version 17
VisualStudioVersion = 17.0.32126.317
MinimumVisualStudioVersion = 10.0.40219.1
Project("{FAE04EC0-301F-11D3-BF4B-00C04F79EFBC}") = "questao1Lista4.ConsoleApp", "questao1Lista4.ConsoleApp\questao1Lista4.ConsoleApp.csproj", "{D5BD9E17-25E6-411A-A431-4183536FD237}"
EndProject
Global
	GlobalSection(SolutionConfigurationPlatforms) = preSolution
		Debug|Any CPU = Debug|Any CPU
		Release|Any CPU = Release|Any CPU
	EndGlobalSection
	GlobalSection(ProjectConfigurationPlatforms) = postSolution
		{D5BD9E17-25E6-411A-A431-4183536FD237}.Debug|Any CPU.ActiveCfg = Debug|Any CPU
		{D5BD9E17-25E6-411A-A431-4183536FD237}.Debug|Any CPU.Build.0 = Debug|Any CPU
		{D5BD9E17-25E6-411A-A431-4183536FD237}.Release|Any CPU.ActiveCfg = Release|Any CPU
		{D5BD9E17-25E6-411A-A431-4183536FD237}.Release|Any CPU.Build.0 = Release|Any CPU
	EndGlobalSection
	GlobalSection(SolutionProperties) = preSolution
		HideSolutionNode = FALSE
	EndGlobalSection
	GlobalSection(ExtensibilityGlobals) = postSolution
		SolutionGuid = {F92ABD75-D568-4F44-8661-FBF90CD74DC8}
	EndGlobalSection
EndGlobal
